
Microsoft Visual Studio Solution File, Format Version 12.00
# Visual Studio 2012
Project("{FAE04EC0-301F-11D3-BF4B-00C04F79EFBC}") = "Engine", "Engine\Engine.csproj", "{9CCE0F8B-03E1-4527-A88E-641D35371D69}"
EndProject
Global
	GlobalSection(SolutionConfigurationPlatforms) = preSolution
		Debug|Any CPU = Debug|Any CPU
		Release|Any CPU = Release|Any CPU
	EndGlobalSection
	GlobalSection(ProjectConfigurationPlatforms) = postSolution
		{9CCE0F8B-03E1-4527-A88E-641D35371D69}.Debug|Any CPU.ActiveCfg = Debug|Any CPU
		{9CCE0F8B-03E1-4527-A88E-641D35371D69}.Debug|Any CPU.Build.0 = Debug|Any CPU
		{9CCE0F8B-03E1-4527-A88E-641D35371D69}.Release|Any CPU.ActiveCfg = Release|Any CPU
		{9CCE0F8B-03E1-4527-A88E-641D35371D69}.Release|Any CPU.Build.0 = Release|Any CPU
	EndGlobalSection
	GlobalSection(SolutionProperties) = preSolution
		HideSolutionNode = FALSE
	EndGlobalSection
EndGlobal
